
Microsoft Visual Studio Solution File, Format Version 12.00
# Visual Studio Version 17
VisualStudioVersion = 17.14.36221.1
MinimumVisualStudioVersion = 10.0.40219.1
Project("{FAE04EC0-301F-11D3-BF4B-00C04F79EFBC}") = "GooseGooseGo_Net", "GooseGooseGo_Net\GooseGooseGo_Net.csproj", "{9FEA074E-990F-4EE6-AD7D-132F2D84FA74}"
EndProject
Project("{FAE04EC0-301F-11D3-BF4B-00C04F79EFBC}") = "GGG_WorkerService", "GGG_WorkerService\GGG_WorkerService.csproj", "{8F590D33-28DC-43E7-82FE-0D0DAB96DF0B}"
EndProject
Global
	GlobalSection(SolutionConfigurationPlatforms) = preSolution
		Debug|Any CPU = Debug|Any CPU
		Release|Any CPU = Release|Any CPU
	EndGlobalSection
	GlobalSection(ProjectConfigurationPlatforms) = postSolution
		{9FEA074E-990F-4EE6-AD7D-132F2D84FA74}.Debug|Any CPU.ActiveCfg = Debug|Any CPU
		{9FEA074E-990F-4EE6-AD7D-132F2D84FA74}.Debug|Any CPU.Build.0 = Debug|Any CPU
		{9FEA074E-990F-4EE6-AD7D-132F2D84FA74}.Release|Any CPU.ActiveCfg = Release|Any CPU
		{9FEA074E-990F-4EE6-AD7D-132F2D84FA74}.Release|Any CPU.Build.0 = Release|Any CPU
		{8F590D33-28DC-43E7-82FE-0D0DAB96DF0B}.Debug|Any CPU.ActiveCfg = Debug|Any CPU
		{8F590D33-28DC-43E7-82FE-0D0DAB96DF0B}.Debug|Any CPU.Build.0 = Debug|Any CPU
		{8F590D33-28DC-43E7-82FE-0D0DAB96DF0B}.Release|Any CPU.ActiveCfg = Release|Any CPU
		{8F590D33-28DC-43E7-82FE-0D0DAB96DF0B}.Release|Any CPU.Build.0 = Release|Any CPU
	EndGlobalSection
	GlobalSection(SolutionProperties) = preSolution
		HideSolutionNode = FALSE
	EndGlobalSection
	GlobalSection(ExtensibilityGlobals) = postSolution
		SolutionGuid = {EBB64560-AF6D-4DB7-85C9-EC6B75BDDAD3}
	EndGlobalSection
EndGlobal
